// !$*UTF8*$!
{
	archiveVersion = 1;
	classes = {
	};
	objectVersion = 50;
	objects = {

/* Begin PBXBuildFile section */
		5213456A2601C95500F7A43C /* Model.xcdatamodeld in Sources */ = {isa = PBXBuildFile; fileRef = 521345682601C95500F7A43C /* Model.xcdatamodeld */; };
		521345AF2601CD4400F7A43C /* CoreDataPersistenceController.swift in Sources */ = {isa = PBXBuildFile; fileRef = 521345AE2601CD4400F7A43C /* CoreDataPersistenceController.swift */; };
		5213A774264B22790009223D /* Colors.swift in Sources */ = {isa = PBXBuildFile; fileRef = 5213A773264B22790009223D /* Colors.swift */; };
		5213A77F264D544B0009223D /* Point+CoreDataClass.swift in Sources */ = {isa = PBXBuildFile; fileRef = 5213A77B264D544B0009223D /* Point+CoreDataClass.swift */; };
		5213A780264D544B0009223D /* Point+CoreDataProperties.swift in Sources */ = {isa = PBXBuildFile; fileRef = 5213A77C264D544B0009223D /* Point+CoreDataProperties.swift */; };
		5213A781264D544B0009223D /* PointGroup+CoreDataClass.swift in Sources */ = {isa = PBXBuildFile; fileRef = 5213A77D264D544B0009223D /* PointGroup+CoreDataClass.swift */; };
		5213A782264D544B0009223D /* PointGroup+CoreDataProperties.swift in Sources */ = {isa = PBXBuildFile; fileRef = 5213A77E264D544B0009223D /* PointGroup+CoreDataProperties.swift */; };
		5213A78B264D5D450009223D /* PointsManagment.swift in Sources */ = {isa = PBXBuildFile; fileRef = 5213A78A264D5D450009223D /* PointsManagment.swift */; };
		5213A78E264DB25D0009223D /* PointEdit.swift in Sources */ = {isa = PBXBuildFile; fileRef = 5213A78D264DB25D0009223D /* PointEdit.swift */; };
		5226028C25F4C83600703DCE /* Modifiers.swift in Sources */ = {isa = PBXBuildFile; fileRef = 5226028B25F4C83500703DCE /* Modifiers.swift */; };
		523F53392655037300B0DF4A /* PointAnnotation.swift in Sources */ = {isa = PBXBuildFile; fileRef = 523F53382655037300B0DF4A /* PointAnnotation.swift */; };
		523F533C265507DB00B0DF4A /* TrackPointAnnotation.swift in Sources */ = {isa = PBXBuildFile; fileRef = 523F533B265507DB00B0DF4A /* TrackPointAnnotation.swift */; };
		523F533F26550A0900B0DF4A /* TrackPolyline.swift in Sources */ = {isa = PBXBuildFile; fileRef = 523F533E26550A0900B0DF4A /* TrackPolyline.swift */; };
		52512C8926584F21000619F6 /* MainMenu.swift in Sources */ = {isa = PBXBuildFile; fileRef = 52512C8826584F20000619F6 /* MainMenu.swift */; };
		52512C8D2658528F000619F6 /* TrackControls.swift in Sources */ = {isa = PBXBuildFile; fileRef = 52512C8C2658528F000619F6 /* TrackControls.swift */; };
		52512C92265859CB000619F6 /* PointControls.swift in Sources */ = {isa = PBXBuildFile; fileRef = 52512C91265859CB000619F6 /* PointControls.swift */; };
		52512C9526585AD5000619F6 /* MapControls.swift in Sources */ = {isa = PBXBuildFile; fileRef = 52512C9426585AD4000619F6 /* MapControls.swift */; };
		52512CA0265C236E000619F6 /* TrackGroup+CoreDataClass.swift in Sources */ = {isa = PBXBuildFile; fileRef = 52512C9E265C236E000619F6 /* TrackGroup+CoreDataClass.swift */; };
		52512CA1265C236E000619F6 /* TrackGroup+CoreDataProperties.swift in Sources */ = {isa = PBXBuildFile; fileRef = 52512C9F265C236E000619F6 /* TrackGroup+CoreDataProperties.swift */; };
		52512CA9265CF860000619F6 /* TrackGroupSelectionView.swift in Sources */ = {isa = PBXBuildFile; fileRef = 52512CA8265CF860000619F6 /* TrackGroupSelectionView.swift */; };
		52512CAD265D77B3000619F6 /* TrackPropertiesView.swift in Sources */ = {isa = PBXBuildFile; fileRef = 52512CAC265D77B3000619F6 /* TrackPropertiesView.swift */; };
		52512CB3265E3280000619F6 /* TrackRawView.swift in Sources */ = {isa = PBXBuildFile; fileRef = 52512CB2265E3280000619F6 /* TrackRawView.swift */; };
		52512CB8265E3568000619F6 /* TrackGroupView.swift in Sources */ = {isa = PBXBuildFile; fileRef = 52512CB7265E3568000619F6 /* TrackGroupView.swift */; };
		526B5D3F2624B90600A48AFC /* MapDrawing.swift in Sources */ = {isa = PBXBuildFile; fileRef = 526B5D3E2624B90600A48AFC /* MapDrawing.swift */; };
		526D9D07261FFD03002A606D /* AppSettings.swift in Sources */ = {isa = PBXBuildFile; fileRef = 526D9D06261FFD03002A606D /* AppSettings.swift */; };
		527BD615265FE6510047FA0C /* TrackDetailsView.swift in Sources */ = {isa = PBXBuildFile; fileRef = 527BD614265FE6510047FA0C /* TrackDetailsView.swift */; };
		529C63042642C40A00A49993 /* CoordinatesSharing.swift in Sources */ = {isa = PBXBuildFile; fileRef = 529C63032642C40A00A49993 /* CoordinatesSharing.swift */; };
		52A8EEA6261DE7FB00D2D037 /* Localizable.strings in Resources */ = {isa = PBXBuildFile; fileRef = 52A8EEA8261DE7FB00D2D037 /* Localizable.strings */; };
		52D3A92925E682D4001A50C1 /* AntTrackerApp.swift in Sources */ = {isa = PBXBuildFile; fileRef = 52D3A92825E682D4001A50C1 /* AntTrackerApp.swift */; };
		52D3A92B25E682D4001A50C1 /* ContentView.swift in Sources */ = {isa = PBXBuildFile; fileRef = 52D3A92A25E682D4001A50C1 /* ContentView.swift */; };
		52D3A92D25E682D7001A50C1 /* Assets.xcassets in Resources */ = {isa = PBXBuildFile; fileRef = 52D3A92C25E682D7001A50C1 /* Assets.xcassets */; };
		52D3A93025E682D7001A50C1 /* Preview Assets.xcassets in Resources */ = {isa = PBXBuildFile; fileRef = 52D3A92F25E682D7001A50C1 /* Preview Assets.xcassets */; };
		52D3A93925E68310001A50C1 /* MapView.swift in Sources */ = {isa = PBXBuildFile; fileRef = 52D3A93825E68310001A50C1 /* MapView.swift */; };
		52D3A93D25E6A96D001A50C1 /* LocationManager.swift in Sources */ = {isa = PBXBuildFile; fileRef = 52D3A93C25E6A96D001A50C1 /* LocationManager.swift */; };
		52D903F62614BFB200425085 /* Notes.rtf in Resources */ = {isa = PBXBuildFile; fileRef = 52D903F52614BFB200425085 /* Notes.rtf */; };
		52DB5177260DD13000427149 /* TrackListView.swift in Sources */ = {isa = PBXBuildFile; fileRef = 52DB5176260DD13000427149 /* TrackListView.swift */; };
		52DD9537260D138400F4E700 /* Track+CoreDataClass.swift in Sources */ = {isa = PBXBuildFile; fileRef = 52DD9535260D138400F4E700 /* Track+CoreDataClass.swift */; };
		52DD9538260D138400F4E700 /* Track+CoreDataProperties.swift in Sources */ = {isa = PBXBuildFile; fileRef = 52DD9536260D138400F4E700 /* Track+CoreDataProperties.swift */; };
		52DD953B260D14EB00F4E700 /* Extensions.swift in Sources */ = {isa = PBXBuildFile; fileRef = 52DD953A260D14EB00F4E700 /* Extensions.swift */; };
		52DD9542260D19C400F4E700 /* TrackPoint+CoreDataClass.swift in Sources */ = {isa = PBXBuildFile; fileRef = 52DD953E260D19C400F4E700 /* TrackPoint+CoreDataClass.swift */; };
		52DD9543260D19C400F4E700 /* TrackPoint+CoreDataProperties.swift in Sources */ = {isa = PBXBuildFile; fileRef = 52DD953F260D19C400F4E700 /* TrackPoint+CoreDataProperties.swift */; };
		52F04F682619A30B00C261C0 /* TrackMapView.swift in Sources */ = {isa = PBXBuildFile; fileRef = 52F04F672619A30B00C261C0 /* TrackMapView.swift */; };
		52F04F6E261AD30D00C261C0 /* ColorSelectorView.swift in Sources */ = {isa = PBXBuildFile; fileRef = 52F04F6D261AD30D00C261C0 /* ColorSelectorView.swift */; };
		52F04F71261B06B200C261C0 /* TrackInfo.swift in Sources */ = {isa = PBXBuildFile; fileRef = 52F04F70261B06B200C261C0 /* TrackInfo.swift */; };
		52F3367A25F7DDCE002C0B1E /* GeoTrack.swift in Sources */ = {isa = PBXBuildFile; fileRef = 52F3367925F7DDCE002C0B1E /* GeoTrack.swift */; };
		52F91140261C723500309F63 /* AlertWithTextField.swift in Sources */ = {isa = PBXBuildFile; fileRef = 52F9113F261C723500309F63 /* AlertWithTextField.swift */; };
/* End PBXBuildFile section */

/* Begin PBXFileReference section */
		521345692601C95500F7A43C /* Model.xcdatamodel */ = {isa = PBXFileReference; lastKnownFileType = wrapper.xcdatamodel; path = Model.xcdatamodel; sourceTree = "<group>"; };
		521345AE2601CD4400F7A43C /* CoreDataPersistenceController.swift */ = {isa = PBXFileReference; lastKnownFileType = sourcecode.swift; path = CoreDataPersistenceController.swift; sourceTree = "<group>"; };
		5213A773264B22790009223D /* Colors.swift */ = {isa = PBXFileReference; lastKnownFileType = sourcecode.swift; path = Colors.swift; sourceTree = "<group>"; };
		5213A77B264D544B0009223D /* Point+CoreDataClass.swift */ = {isa = PBXFileReference; lastKnownFileType = sourcecode.swift; path = "Point+CoreDataClass.swift"; sourceTree = "<group>"; };
		5213A77C264D544B0009223D /* Point+CoreDataProperties.swift */ = {isa = PBXFileReference; lastKnownFileType = sourcecode.swift; path = "Point+CoreDataProperties.swift"; sourceTree = "<group>"; };
		5213A77D264D544B0009223D /* PointGroup+CoreDataClass.swift */ = {isa = PBXFileReference; lastKnownFileType = sourcecode.swift; path = "PointGroup+CoreDataClass.swift"; sourceTree = "<group>"; };
		5213A77E264D544B0009223D /* PointGroup+CoreDataProperties.swift */ = {isa = PBXFileReference; lastKnownFileType = sourcecode.swift; path = "PointGroup+CoreDataProperties.swift"; sourceTree = "<group>"; };
		5213A78A264D5D450009223D /* PointsManagment.swift */ = {isa = PBXFileReference; lastKnownFileType = sourcecode.swift; path = PointsManagment.swift; sourceTree = "<group>"; };
		5213A78D264DB25D0009223D /* PointEdit.swift */ = {isa = PBXFileReference; lastKnownFileType = sourcecode.swift; path = PointEdit.swift; sourceTree = "<group>"; };
		5226028B25F4C83500703DCE /* Modifiers.swift */ = {isa = PBXFileReference; lastKnownFileType = sourcecode.swift; path = Modifiers.swift; sourceTree = "<group>"; };
		523F53382655037300B0DF4A /* PointAnnotation.swift */ = {isa = PBXFileReference; lastKnownFileType = sourcecode.swift; path = PointAnnotation.swift; sourceTree = "<group>"; };
		523F533B265507DB00B0DF4A /* TrackPointAnnotation.swift */ = {isa = PBXFileReference; lastKnownFileType = sourcecode.swift; path = TrackPointAnnotation.swift; sourceTree = "<group>"; };
		523F533E26550A0900B0DF4A /* TrackPolyline.swift */ = {isa = PBXFileReference; lastKnownFileType = sourcecode.swift; path = TrackPolyline.swift; sourceTree = "<group>"; };
		52512C8826584F20000619F6 /* MainMenu.swift */ = {isa = PBXFileReference; lastKnownFileType = sourcecode.swift; path = MainMenu.swift; sourceTree = "<group>"; };
		52512C8C2658528F000619F6 /* TrackControls.swift */ = {isa = PBXFileReference; lastKnownFileType = sourcecode.swift; path = TrackControls.swift; sourceTree = "<group>"; };
		52512C91265859CB000619F6 /* PointControls.swift */ = {isa = PBXFileReference; lastKnownFileType = sourcecode.swift; path = PointControls.swift; sourceTree = "<group>"; };
		52512C9426585AD4000619F6 /* MapControls.swift */ = {isa = PBXFileReference; lastKnownFileType = sourcecode.swift; path = MapControls.swift; sourceTree = "<group>"; };
		52512C9E265C236E000619F6 /* TrackGroup+CoreDataClass.swift */ = {isa = PBXFileReference; lastKnownFileType = sourcecode.swift; path = "TrackGroup+CoreDataClass.swift"; sourceTree = "<group>"; };
		52512C9F265C236E000619F6 /* TrackGroup+CoreDataProperties.swift */ = {isa = PBXFileReference; lastKnownFileType = sourcecode.swift; path = "TrackGroup+CoreDataProperties.swift"; sourceTree = "<group>"; };
		52512CA8265CF860000619F6 /* TrackGroupSelectionView.swift */ = {isa = PBXFileReference; lastKnownFileType = sourcecode.swift; path = TrackGroupSelectionView.swift; sourceTree = "<group>"; };
		52512CAC265D77B3000619F6 /* TrackPropertiesView.swift */ = {isa = PBXFileReference; lastKnownFileType = sourcecode.swift; path = TrackPropertiesView.swift; sourceTree = "<group>"; };
		52512CB2265E3280000619F6 /* TrackRawView.swift */ = {isa = PBXFileReference; lastKnownFileType = sourcecode.swift; path = TrackRawView.swift; sourceTree = "<group>"; };
		52512CB7265E3568000619F6 /* TrackGroupView.swift */ = {isa = PBXFileReference; lastKnownFileType = sourcecode.swift; path = TrackGroupView.swift; sourceTree = "<group>"; };
		526B5D3E2624B90600A48AFC /* MapDrawing.swift */ = {isa = PBXFileReference; lastKnownFileType = sourcecode.swift; path = MapDrawing.swift; sourceTree = "<group>"; };
		526D9D06261FFD03002A606D /* AppSettings.swift */ = {isa = PBXFileReference; lastKnownFileType = sourcecode.swift; path = AppSettings.swift; sourceTree = "<group>"; };
		527BD614265FE6510047FA0C /* TrackDetailsView.swift */ = {isa = PBXFileReference; lastKnownFileType = sourcecode.swift; path = TrackDetailsView.swift; sourceTree = "<group>"; };
		529C63032642C40A00A49993 /* CoordinatesSharing.swift */ = {isa = PBXFileReference; lastKnownFileType = sourcecode.swift; path = CoordinatesSharing.swift; sourceTree = "<group>"; };
		52A8EEA7261DE7FB00D2D037 /* ru */ = {isa = PBXFileReference; lastKnownFileType = text.plist.strings; name = ru; path = ru.lproj/Localizable.strings; sourceTree = "<group>"; };
		52D3A92525E682D4001A50C1 /* AntTracker.app */ = {isa = PBXFileReference; explicitFileType = wrapper.application; includeInIndex = 0; path = AntTracker.app; sourceTree = BUILT_PRODUCTS_DIR; };
		52D3A92825E682D4001A50C1 /* AntTrackerApp.swift */ = {isa = PBXFileReference; lastKnownFileType = sourcecode.swift; path = AntTrackerApp.swift; sourceTree = "<group>"; };
		52D3A92A25E682D4001A50C1 /* ContentView.swift */ = {isa = PBXFileReference; lastKnownFileType = sourcecode.swift; path = ContentView.swift; sourceTree = "<group>"; };
		52D3A92C25E682D7001A50C1 /* Assets.xcassets */ = {isa = PBXFileReference; lastKnownFileType = folder.assetcatalog; path = Assets.xcassets; sourceTree = "<group>"; };
		52D3A92F25E682D7001A50C1 /* Preview Assets.xcassets */ = {isa = PBXFileReference; lastKnownFileType = folder.assetcatalog; path = "Preview Assets.xcassets"; sourceTree = "<group>"; };
		52D3A93125E682D7001A50C1 /* Info.plist */ = {isa = PBXFileReference; lastKnownFileType = text.plist.xml; path = Info.plist; sourceTree = "<group>"; };
		52D3A93825E68310001A50C1 /* MapView.swift */ = {isa = PBXFileReference; lastKnownFileType = sourcecode.swift; path = MapView.swift; sourceTree = "<group>"; };
		52D3A93C25E6A96D001A50C1 /* LocationManager.swift */ = {isa = PBXFileReference; lastKnownFileType = sourcecode.swift; path = LocationManager.swift; sourceTree = "<group>"; };
		52D903F52614BFB200425085 /* Notes.rtf */ = {isa = PBXFileReference; lastKnownFileType = text.rtf; path = Notes.rtf; sourceTree = "<group>"; };
		52DB5176260DD13000427149 /* TrackListView.swift */ = {isa = PBXFileReference; lastKnownFileType = sourcecode.swift; path = TrackListView.swift; sourceTree = "<group>"; };
		52DD9535260D138400F4E700 /* Track+CoreDataClass.swift */ = {isa = PBXFileReference; lastKnownFileType = sourcecode.swift; path = "Track+CoreDataClass.swift"; sourceTree = "<group>"; };
		52DD9536260D138400F4E700 /* Track+CoreDataProperties.swift */ = {isa = PBXFileReference; lastKnownFileType = sourcecode.swift; path = "Track+CoreDataProperties.swift"; sourceTree = "<group>"; };
		52DD953A260D14EB00F4E700 /* Extensions.swift */ = {isa = PBXFileReference; lastKnownFileType = sourcecode.swift; path = Extensions.swift; sourceTree = "<group>"; };
		52DD953E260D19C400F4E700 /* TrackPoint+CoreDataClass.swift */ = {isa = PBXFileReference; lastKnownFileType = sourcecode.swift; path = "TrackPoint+CoreDataClass.swift"; sourceTree = "<group>"; };
		52DD953F260D19C400F4E700 /* TrackPoint+CoreDataProperties.swift */ = {isa = PBXFileReference; lastKnownFileType = sourcecode.swift; path = "TrackPoint+CoreDataProperties.swift"; sourceTree = "<group>"; };
		52F04F672619A30B00C261C0 /* TrackMapView.swift */ = {isa = PBXFileReference; lastKnownFileType = sourcecode.swift; path = TrackMapView.swift; sourceTree = "<group>"; };
		52F04F6D261AD30D00C261C0 /* ColorSelectorView.swift */ = {isa = PBXFileReference; lastKnownFileType = sourcecode.swift; path = ColorSelectorView.swift; sourceTree = "<group>"; };
		52F04F70261B06B200C261C0 /* TrackInfo.swift */ = {isa = PBXFileReference; lastKnownFileType = sourcecode.swift; path = TrackInfo.swift; sourceTree = "<group>"; };
		52F3367925F7DDCE002C0B1E /* GeoTrack.swift */ = {isa = PBXFileReference; lastKnownFileType = sourcecode.swift; path = GeoTrack.swift; sourceTree = "<group>"; };
		52F9113F261C723500309F63 /* AlertWithTextField.swift */ = {isa = PBXFileReference; lastKnownFileType = sourcecode.swift; path = AlertWithTextField.swift; sourceTree = "<group>"; };
/* End PBXFileReference section */

/* Begin PBXFrameworksBuildPhase section */
		52D3A92225E682D4001A50C1 /* Frameworks */ = {
			isa = PBXFrameworksBuildPhase;
			buildActionMask = 2147483647;
			files = (
			);
			runOnlyForDeploymentPostprocessing = 0;
		};
/* End PBXFrameworksBuildPhase section */

/* Begin PBXGroup section */
		521345B22601D2C000F7A43C /* CoreData */ = {
			isa = PBXGroup;
			children = (
				521345682601C95500F7A43C /* Model.xcdatamodeld */,
				52DD953E260D19C400F4E700 /* TrackPoint+CoreDataClass.swift */,
				52DD953F260D19C400F4E700 /* TrackPoint+CoreDataProperties.swift */,
				52DD9535260D138400F4E700 /* Track+CoreDataClass.swift */,
				52DD9536260D138400F4E700 /* Track+CoreDataProperties.swift */,
				521345AE2601CD4400F7A43C /* CoreDataPersistenceController.swift */,
				5213A77B264D544B0009223D /* Point+CoreDataClass.swift */,
				5213A77C264D544B0009223D /* Point+CoreDataProperties.swift */,
				5213A77D264D544B0009223D /* PointGroup+CoreDataClass.swift */,
				5213A77E264D544B0009223D /* PointGroup+CoreDataProperties.swift */,
				52512C9E265C236E000619F6 /* TrackGroup+CoreDataClass.swift */,
				52512C9F265C236E000619F6 /* TrackGroup+CoreDataProperties.swift */,
			);
			path = CoreData;
			sourceTree = "<group>";
		};
		5213A7942651A3340009223D /* Points */ = {
			isa = PBXGroup;
			children = (
				5213A78D264DB25D0009223D /* PointEdit.swift */,
			);
			path = Points;
			sourceTree = "<group>";
		};
		521A0CB325FB4D61001FA9A7 /* Controls */ = {
			isa = PBXGroup;
			children = (
				52F04F6D261AD30D00C261C0 /* ColorSelectorView.swift */,
				5213A78A264D5D450009223D /* PointsManagment.swift */,
			);
			path = Controls;
			sourceTree = "<group>";
		};
		523F534226550DA600B0DF4A /* MapObjects */ = {
			isa = PBXGroup;
			children = (
				523F533E26550A0900B0DF4A /* TrackPolyline.swift */,
				523F533B265507DB00B0DF4A /* TrackPointAnnotation.swift */,
				523F53382655037300B0DF4A /* PointAnnotation.swift */,
			);
			path = MapObjects;
			sourceTree = "<group>";
		};
		523F534426550DC000B0DF4A /* MapViews */ = {
			isa = PBXGroup;
			children = (
				52D3A93825E68310001A50C1 /* MapView.swift */,
				52F04F672619A30B00C261C0 /* TrackMapView.swift */,
			);
			path = MapViews;
			sourceTree = "<group>";
		};
		52512C8626584E76000619F6 /* ContentView */ = {
			isa = PBXGroup;
			children = (
				52D3A92A25E682D4001A50C1 /* ContentView.swift */,
				52512C8726584E86000619F6 /* Controls */,
			);
			path = ContentView;
			sourceTree = "<group>";
		};
		52512C8726584E86000619F6 /* Controls */ = {
			isa = PBXGroup;
			children = (
				52512C8826584F20000619F6 /* MainMenu.swift */,
				52512C8C2658528F000619F6 /* TrackControls.swift */,
				52512C91265859CB000619F6 /* PointControls.swift */,
				52512C9426585AD4000619F6 /* MapControls.swift */,
			);
			path = Controls;
			sourceTree = "<group>";
		};
		529B5C3E25F9E84A00BACDA8 /* Views */ = {
			isa = PBXGroup;
			children = (
				5226028B25F4C83500703DCE /* Modifiers.swift */,
				52512C8626584E76000619F6 /* ContentView */,
				526D9D06261FFD03002A606D /* AppSettings.swift */,
				529C63032642C40A00A49993 /* CoordinatesSharing.swift */,
				5213A7942651A3340009223D /* Points */,
				521A0CB325FB4D61001FA9A7 /* Controls */,
				52F04F632619A16300C261C0 /* Tracks */,
				52F04F652619A18700C261C0 /* Maps */,
			);
			path = Views;
			sourceTree = "<group>";
		};
		529B5C4125F9E87600BACDA8 /* Model */ = {
			isa = PBXGroup;
			children = (
				52F3367925F7DDCE002C0B1E /* GeoTrack.swift */,
				5213A773264B22790009223D /* Colors.swift */,
			);
			path = Model;
			sourceTree = "<group>";
		};
		529B5C4225F9E8AE00BACDA8 /* App */ = {
			isa = PBXGroup;
			children = (
				52D3A92825E682D4001A50C1 /* AntTrackerApp.swift */,
				52D3A93C25E6A96D001A50C1 /* LocationManager.swift */,
				52DD953A260D14EB00F4E700 /* Extensions.swift */,
				52F9113F261C723500309F63 /* AlertWithTextField.swift */,
				52A8EEA8261DE7FB00D2D037 /* Localizable.strings */,
			);
			path = App;
			sourceTree = "<group>";
		};
		52D3A91C25E682D4001A50C1 = {
			isa = PBXGroup;
			children = (
				52D3A92725E682D4001A50C1 /* AntTracker */,
				52D3A92625E682D4001A50C1 /* Products */,
			);
			sourceTree = "<group>";
		};
		52D3A92625E682D4001A50C1 /* Products */ = {
			isa = PBXGroup;
			children = (
				52D3A92525E682D4001A50C1 /* AntTracker.app */,
			);
			name = Products;
			sourceTree = "<group>";
		};
		52D3A92725E682D4001A50C1 /* AntTracker */ = {
			isa = PBXGroup;
			children = (
				529B5C4225F9E8AE00BACDA8 /* App */,
				529B5C4125F9E87600BACDA8 /* Model */,
				521345B22601D2C000F7A43C /* CoreData */,
				529B5C3E25F9E84A00BACDA8 /* Views */,
				52D3A92C25E682D7001A50C1 /* Assets.xcassets */,
				52D3A93125E682D7001A50C1 /* Info.plist */,
				52D3A92E25E682D7001A50C1 /* Preview Content */,
				52D903F52614BFB200425085 /* Notes.rtf */,
			);
			path = AntTracker;
			sourceTree = "<group>";
		};
		52D3A92E25E682D7001A50C1 /* Preview Content */ = {
			isa = PBXGroup;
			children = (
				52D3A92F25E682D7001A50C1 /* Preview Assets.xcassets */,
			);
			path = "Preview Content";
			sourceTree = "<group>";
		};
		52F04F632619A16300C261C0 /* Tracks */ = {
			isa = PBXGroup;
			children = (
				52F04F70261B06B200C261C0 /* TrackInfo.swift */,
				52DB5176260DD13000427149 /* TrackListView.swift */,
				52512CB7265E3568000619F6 /* TrackGroupView.swift */,
				52512CB2265E3280000619F6 /* TrackRawView.swift */,
				52512CA8265CF860000619F6 /* TrackGroupSelectionView.swift */,
				52512CAC265D77B3000619F6 /* TrackPropertiesView.swift */,
				527BD614265FE6510047FA0C /* TrackDetailsView.swift */,
			);
			path = Tracks;
			sourceTree = "<group>";
		};
		52F04F652619A18700C261C0 /* Maps */ = {
			isa = PBXGroup;
			children = (
				526B5D3E2624B90600A48AFC /* MapDrawing.swift */,
				523F534426550DC000B0DF4A /* MapViews */,
				523F534226550DA600B0DF4A /* MapObjects */,
			);
			path = Maps;
			sourceTree = "<group>";
		};
/* End PBXGroup section */

/* Begin PBXNativeTarget section */
		52D3A92425E682D4001A50C1 /* AntTracker */ = {
			isa = PBXNativeTarget;
			buildConfigurationList = 52D3A93425E682D7001A50C1 /* Build configuration list for PBXNativeTarget "AntTracker" */;
			buildPhases = (
				52D3A92125E682D4001A50C1 /* Sources */,
				52D3A92225E682D4001A50C1 /* Frameworks */,
				52D3A92325E682D4001A50C1 /* Resources */,
			);
			buildRules = (
			);
			dependencies = (
			);
			name = AntTracker;
			productName = JustMap;
			productReference = 52D3A92525E682D4001A50C1 /* AntTracker.app */;
			productType = "com.apple.product-type.application";
		};
/* End PBXNativeTarget section */

/* Begin PBXProject section */
		52D3A91D25E682D4001A50C1 /* Project object */ = {
			isa = PBXProject;
			attributes = {
				LastSwiftUpdateCheck = 1240;
				LastUpgradeCheck = 1240;
				TargetAttributes = {
					52D3A92425E682D4001A50C1 = {
						CreatedOnToolsVersion = 12.4;
					};
				};
			};
			buildConfigurationList = 52D3A92025E682D4001A50C1 /* Build configuration list for PBXProject "AntTracker" */;
			compatibilityVersion = "Xcode 9.3";
			developmentRegion = en;
			hasScannedForEncodings = 0;
			knownRegions = (
				en,
				Base,
				ru,
			);
			mainGroup = 52D3A91C25E682D4001A50C1;
			productRefGroup = 52D3A92625E682D4001A50C1 /* Products */;
			projectDirPath = "";
			projectRoot = "";
			targets = (
				52D3A92425E682D4001A50C1 /* AntTracker */,
			);
		};
/* End PBXProject section */

/* Begin PBXResourcesBuildPhase section */
		52D3A92325E682D4001A50C1 /* Resources */ = {
			isa = PBXResourcesBuildPhase;
			buildActionMask = 2147483647;
			files = (
				52D3A93025E682D7001A50C1 /* Preview Assets.xcassets in Resources */,
				52A8EEA6261DE7FB00D2D037 /* Localizable.strings in Resources */,
				52D903F62614BFB200425085 /* Notes.rtf in Resources */,
				52D3A92D25E682D7001A50C1 /* Assets.xcassets in Resources */,
			);
			runOnlyForDeploymentPostprocessing = 0;
		};
/* End PBXResourcesBuildPhase section */

/* Begin PBXSourcesBuildPhase section */
		52D3A92125E682D4001A50C1 /* Sources */ = {
			isa = PBXSourcesBuildPhase;
			buildActionMask = 2147483647;
			files = (
				523F533C265507DB00B0DF4A /* TrackPointAnnotation.swift in Sources */,
				521345AF2601CD4400F7A43C /* CoreDataPersistenceController.swift in Sources */,
				52DD9538260D138400F4E700 /* Track+CoreDataProperties.swift in Sources */,
				5213A77F264D544B0009223D /* Point+CoreDataClass.swift in Sources */,
				52F91140261C723500309F63 /* AlertWithTextField.swift in Sources */,
				52F04F6E261AD30D00C261C0 /* ColorSelectorView.swift in Sources */,
				52D3A93D25E6A96D001A50C1 /* LocationManager.swift in Sources */,
				526B5D3F2624B90600A48AFC /* MapDrawing.swift in Sources */,
				5213A780264D544B0009223D /* Point+CoreDataProperties.swift in Sources */,
				52512C8926584F21000619F6 /* MainMenu.swift in Sources */,
				5213A78E264DB25D0009223D /* PointEdit.swift in Sources */,
				52D3A92B25E682D4001A50C1 /* ContentView.swift in Sources */,
				52512CAD265D77B3000619F6 /* TrackPropertiesView.swift in Sources */,
				5213A782264D544B0009223D /* PointGroup+CoreDataProperties.swift in Sources */,
				52D3A93925E68310001A50C1 /* MapView.swift in Sources */,
				52D3A92925E682D4001A50C1 /* AntTrackerApp.swift in Sources */,
				52512CA1265C236E000619F6 /* TrackGroup+CoreDataProperties.swift in Sources */,
				52512CB8265E3568000619F6 /* TrackGroupView.swift in Sources */,
				52512CA9265CF860000619F6 /* TrackGroupSelectionView.swift in Sources */,
				52DD9543260D19C400F4E700 /* TrackPoint+CoreDataProperties.swift in Sources */,
				5213A781264D544B0009223D /* PointGroup+CoreDataClass.swift in Sources */,
				5213A774264B22790009223D /* Colors.swift in Sources */,
				529C63042642C40A00A49993 /* CoordinatesSharing.swift in Sources */,
				527BD615265FE6510047FA0C /* TrackDetailsView.swift in Sources */,
				5226028C25F4C83600703DCE /* Modifiers.swift in Sources */,
				52F3367A25F7DDCE002C0B1E /* GeoTrack.swift in Sources */,
				523F533F26550A0900B0DF4A /* TrackPolyline.swift in Sources */,
				52512C9526585AD5000619F6 /* MapControls.swift in Sources */,
				5213456A2601C95500F7A43C /* Model.xcdatamodeld in Sources */,
				523F53392655037300B0DF4A /* PointAnnotation.swift in Sources */,
				52F04F71261B06B200C261C0 /* TrackInfo.swift in Sources */,
				52DD953B260D14EB00F4E700 /* Extensions.swift in Sources */,
				52512CB3265E3280000619F6 /* TrackRawView.swift in Sources */,
				52512C8D2658528F000619F6 /* TrackControls.swift in Sources */,
				52512C92265859CB000619F6 /* PointControls.swift in Sources */,
				52F04F682619A30B00C261C0 /* TrackMapView.swift in Sources */,
				5213A78B264D5D450009223D /* PointsManagment.swift in Sources */,
				52DB5177260DD13000427149 /* TrackListView.swift in Sources */,
				52DD9542260D19C400F4E700 /* TrackPoint+CoreDataClass.swift in Sources */,
				52DD9537260D138400F4E700 /* Track+CoreDataClass.swift in Sources */,
				526D9D07261FFD03002A606D /* AppSettings.swift in Sources */,
				52512CA0265C236E000619F6 /* TrackGroup+CoreDataClass.swift in Sources */,
			);
			runOnlyForDeploymentPostprocessing = 0;
		};
/* End PBXSourcesBuildPhase section */

/* Begin PBXVariantGroup section */
		52A8EEA8261DE7FB00D2D037 /* Localizable.strings */ = {
			isa = PBXVariantGroup;
			children = (
				52A8EEA7261DE7FB00D2D037 /* ru */,
			);
			name = Localizable.strings;
			sourceTree = "<group>";
		};
/* End PBXVariantGroup section */

/* Begin XCBuildConfiguration section */
		52D3A93225E682D7001A50C1 /* Debug */ = {
			isa = XCBuildConfiguration;
			buildSettings = {
				ALWAYS_SEARCH_USER_PATHS = NO;
				CLANG_ANALYZER_NONNULL = YES;
				CLANG_ANALYZER_NUMBER_OBJECT_CONVERSION = YES_AGGRESSIVE;
				CLANG_CXX_LANGUAGE_STANDARD = "gnu++14";
				CLANG_CXX_LIBRARY = "libc++";
				CLANG_ENABLE_MODULES = YES;
				CLANG_ENABLE_OBJC_ARC = YES;
				CLANG_ENABLE_OBJC_WEAK = YES;
				CLANG_WARN_BLOCK_CAPTURE_AUTORELEASING = YES;
				CLANG_WARN_BOOL_CONVERSION = YES;
				CLANG_WARN_COMMA = YES;
				CLANG_WARN_CONSTANT_CONVERSION = YES;
				CLANG_WARN_DEPRECATED_OBJC_IMPLEMENTATIONS = YES;
				CLANG_WARN_DIRECT_OBJC_ISA_USAGE = YES_ERROR;
				CLANG_WARN_DOCUMENTATION_COMMENTS = YES;
				CLANG_WARN_EMPTY_BODY = YES;
				CLANG_WARN_ENUM_CONVERSION = YES;
				CLANG_WARN_INFINITE_RECURSION = YES;
				CLANG_WARN_INT_CONVERSION = YES;
				CLANG_WARN_NON_LITERAL_NULL_CONVERSION = YES;
				CLANG_WARN_OBJC_IMPLICIT_RETAIN_SELF = YES;
				CLANG_WARN_OBJC_LITERAL_CONVERSION = YES;
				CLANG_WARN_OBJC_ROOT_CLASS = YES_ERROR;
				CLANG_WARN_QUOTED_INCLUDE_IN_FRAMEWORK_HEADER = YES;
				CLANG_WARN_RANGE_LOOP_ANALYSIS = YES;
				CLANG_WARN_STRICT_PROTOTYPES = YES;
				CLANG_WARN_SUSPICIOUS_MOVE = YES;
				CLANG_WARN_UNGUARDED_AVAILABILITY = YES_AGGRESSIVE;
				CLANG_WARN_UNREACHABLE_CODE = YES;
				CLANG_WARN__DUPLICATE_METHOD_MATCH = YES;
				COPY_PHASE_STRIP = NO;
				DEBUG_INFORMATION_FORMAT = dwarf;
				ENABLE_STRICT_OBJC_MSGSEND = YES;
				ENABLE_TESTABILITY = YES;
				GCC_C_LANGUAGE_STANDARD = gnu11;
				GCC_DYNAMIC_NO_PIC = NO;
				GCC_NO_COMMON_BLOCKS = YES;
				GCC_OPTIMIZATION_LEVEL = 0;
				GCC_PREPROCESSOR_DEFINITIONS = (
					"DEBUG=1",
					"$(inherited)",
				);
				GCC_WARN_64_TO_32_BIT_CONVERSION = YES;
				GCC_WARN_ABOUT_RETURN_TYPE = YES_ERROR;
				GCC_WARN_UNDECLARED_SELECTOR = YES;
				GCC_WARN_UNINITIALIZED_AUTOS = YES_AGGRESSIVE;
				GCC_WARN_UNUSED_FUNCTION = YES;
				GCC_WARN_UNUSED_VARIABLE = YES;
				IPHONEOS_DEPLOYMENT_TARGET = 14.4;
				MTL_ENABLE_DEBUG_INFO = INCLUDE_SOURCE;
				MTL_FAST_MATH = YES;
				ONLY_ACTIVE_ARCH = YES;
				SDKROOT = iphoneos;
				SWIFT_ACTIVE_COMPILATION_CONDITIONS = DEBUG;
				SWIFT_OPTIMIZATION_LEVEL = "-Onone";
			};
			name = Debug;
		};
		52D3A93325E682D7001A50C1 /* Release */ = {
			isa = XCBuildConfiguration;
			buildSettings = {
				ALWAYS_SEARCH_USER_PATHS = NO;
				CLANG_ANALYZER_NONNULL = YES;
				CLANG_ANALYZER_NUMBER_OBJECT_CONVERSION = YES_AGGRESSIVE;
				CLANG_CXX_LANGUAGE_STANDARD = "gnu++14";
				CLANG_CXX_LIBRARY = "libc++";
				CLANG_ENABLE_MODULES = YES;
				CLANG_ENABLE_OBJC_ARC = YES;
				CLANG_ENABLE_OBJC_WEAK = YES;
				CLANG_WARN_BLOCK_CAPTURE_AUTORELEASING = YES;
				CLANG_WARN_BOOL_CONVERSION = YES;
				CLANG_WARN_COMMA = YES;
				CLANG_WARN_CONSTANT_CONVERSION = YES;
				CLANG_WARN_DEPRECATED_OBJC_IMPLEMENTATIONS = YES;
				CLANG_WARN_DIRECT_OBJC_ISA_USAGE = YES_ERROR;
				CLANG_WARN_DOCUMENTATION_COMMENTS = YES;
				CLANG_WARN_EMPTY_BODY = YES;
				CLANG_WARN_ENUM_CONVERSION = YES;
				CLANG_WARN_INFINITE_RECURSION = YES;
				CLANG_WARN_INT_CONVERSION = YES;
				CLANG_WARN_NON_LITERAL_NULL_CONVERSION = YES;
				CLANG_WARN_OBJC_IMPLICIT_RETAIN_SELF = YES;
				CLANG_WARN_OBJC_LITERAL_CONVERSION = YES;
				CLANG_WARN_OBJC_ROOT_CLASS = YES_ERROR;
				CLANG_WARN_QUOTED_INCLUDE_IN_FRAMEWORK_HEADER = YES;
				CLANG_WARN_RANGE_LOOP_ANALYSIS = YES;
				CLANG_WARN_STRICT_PROTOTYPES = YES;
				CLANG_WARN_SUSPICIOUS_MOVE = YES;
				CLANG_WARN_UNGUARDED_AVAILABILITY = YES_AGGRESSIVE;
				CLANG_WARN_UNREACHABLE_CODE = YES;
				CLANG_WARN__DUPLICATE_METHOD_MATCH = YES;
				COPY_PHASE_STRIP = NO;
				DEBUG_INFORMATION_FORMAT = "dwarf-with-dsym";
				ENABLE_NS_ASSERTIONS = NO;
				ENABLE_STRICT_OBJC_MSGSEND = YES;
				GCC_C_LANGUAGE_STANDARD = gnu11;
				GCC_NO_COMMON_BLOCKS = YES;
				GCC_WARN_64_TO_32_BIT_CONVERSION = YES;
				GCC_WARN_ABOUT_RETURN_TYPE = YES_ERROR;
				GCC_WARN_UNDECLARED_SELECTOR = YES;
				GCC_WARN_UNINITIALIZED_AUTOS = YES_AGGRESSIVE;
				GCC_WARN_UNUSED_FUNCTION = YES;
				GCC_WARN_UNUSED_VARIABLE = YES;
				IPHONEOS_DEPLOYMENT_TARGET = 14.4;
				MTL_ENABLE_DEBUG_INFO = NO;
				MTL_FAST_MATH = YES;
				SDKROOT = iphoneos;
				SWIFT_COMPILATION_MODE = wholemodule;
				SWIFT_OPTIMIZATION_LEVEL = "-O";
				VALIDATE_PRODUCT = YES;
			};
			name = Release;
		};
		52D3A93525E682D7001A50C1 /* Debug */ = {
			isa = XCBuildConfiguration;
			buildSettings = {
				ASSETCATALOG_COMPILER_APPICON_NAME = AppIcon;
				ASSETCATALOG_COMPILER_GLOBAL_ACCENT_COLOR_NAME = AccentColor;
				CODE_SIGN_STYLE = Automatic;
				CURRENT_PROJECT_VERSION = 2;
				DEVELOPMENT_ASSET_PATHS = "\"AntTracker/Preview Content\"";
				DEVELOPMENT_TEAM = 2X2VGHTNU5;
				ENABLE_PREVIEWS = YES;
				INFOPLIST_FILE = AntTracker/Info.plist;
				IPHONEOS_DEPLOYMENT_TARGET = 14.0;
				LD_RUNPATH_SEARCH_PATHS = (
					"$(inherited)",
					"@executable_path/Frameworks",
				);
				MARKETING_VERSION = 3.0;
				PRODUCT_BUNDLE_IDENTIFIER = ru.flat112.AntTracker;
				PRODUCT_NAME = "$(TARGET_NAME)";
				SWIFT_VERSION = 5.0;
				TARGETED_DEVICE_FAMILY = 1;
			};
			name = Debug;
		};
		52D3A93625E682D7001A50C1 /* Release */ = {
			isa = XCBuildConfiguration;
			buildSettings = {
				ASSETCATALOG_COMPILER_APPICON_NAME = AppIcon;
				ASSETCATALOG_COMPILER_GLOBAL_ACCENT_COLOR_NAME = AccentColor;
				CODE_SIGN_STYLE = Automatic;
				CURRENT_PROJECT_VERSION = 2;
				DEVELOPMENT_ASSET_PATHS = "\"AntTracker/Preview Content\"";
				DEVELOPMENT_TEAM = 2X2VGHTNU5;
				ENABLE_PREVIEWS = YES;
				INFOPLIST_FILE = AntTracker/Info.plist;
				IPHONEOS_DEPLOYMENT_TARGET = 14.0;
				LD_RUNPATH_SEARCH_PATHS = (
					"$(inherited)",
					"@executable_path/Frameworks",
				);
				MARKETING_VERSION = 3.0;
				PRODUCT_BUNDLE_IDENTIFIER = ru.flat112.AntTracker;
				PRODUCT_NAME = "$(TARGET_NAME)";
				SWIFT_VERSION = 5.0;
				TARGETED_DEVICE_FAMILY = 1;
			};
			name = Release;
		};
/* End XCBuildConfiguration section */

/* Begin XCConfigurationList section */
		52D3A92025E682D4001A50C1 /* Build configuration list for PBXProject "AntTracker" */ = {
			isa = XCConfigurationList;
			buildConfigurations = (
				52D3A93225E682D7001A50C1 /* Debug */,
				52D3A93325E682D7001A50C1 /* Release */,
			);
			defaultConfigurationIsVisible = 0;
			defaultConfigurationName = Release;
		};
		52D3A93425E682D7001A50C1 /* Build configuration list for PBXNativeTarget "AntTracker" */ = {
			isa = XCConfigurationList;
			buildConfigurations = (
				52D3A93525E682D7001A50C1 /* Debug */,
				52D3A93625E682D7001A50C1 /* Release */,
			);
			defaultConfigurationIsVisible = 0;
			defaultConfigurationName = Release;
		};
/* End XCConfigurationList section */

/* Begin XCVersionGroup section */
		521345682601C95500F7A43C /* Model.xcdatamodeld */ = {
			isa = XCVersionGroup;
			children = (
				521345692601C95500F7A43C /* Model.xcdatamodel */,
			);
			currentVersion = 521345692601C95500F7A43C /* Model.xcdatamodel */;
			path = Model.xcdatamodeld;
			sourceTree = "<group>";
			versionGroupType = wrapper.xcdatamodel;
		};
/* End XCVersionGroup section */
	};
	rootObject = 52D3A91D25E682D4001A50C1 /* Project object */;
}
