// !$*UTF8*$!
{
	archiveVersion = 1;
	classes = {
	};
	objectVersion = 50;
	objects = {

/* Begin PBXBuildFile section */
		5213456A2601C95500F7A43C /* Model.xcdatamodeld in Sources */ = {isa = PBXBuildFile; fileRef = 521345682601C95500F7A43C /* Model.xcdatamodeld */; };
		521345AF2601CD4400F7A43C /* CoreDataPersistenceController.swift in Sources */ = {isa = PBXBuildFile; fileRef = 521345AE2601CD4400F7A43C /* CoreDataPersistenceController.swift */; };
		521A0CB525FB4E84001FA9A7 /* CLInfoView.swift in Sources */ = {isa = PBXBuildFile; fileRef = 521A0CB425FB4E84001FA9A7 /* CLInfoView.swift */; };
		5226028C25F4C83600703DCE /* Modifiers.swift in Sources */ = {isa = PBXBuildFile; fileRef = 5226028B25F4C83500703DCE /* Modifiers.swift */; };
		52779A8025FA64B000CE50EE /* POIControlsView.swift in Sources */ = {isa = PBXBuildFile; fileRef = 52779A7F25FA64B000CE50EE /* POIControlsView.swift */; };
		529B5C4425F9E92A00BACDA8 /* TrackControlsView.swift in Sources */ = {isa = PBXBuildFile; fileRef = 529B5C4325F9E92A00BACDA8 /* TrackControlsView.swift */; };
		52D3A92925E682D4001A50C1 /* JustMapApp.swift in Sources */ = {isa = PBXBuildFile; fileRef = 52D3A92825E682D4001A50C1 /* JustMapApp.swift */; };
		52D3A92B25E682D4001A50C1 /* ContentView.swift in Sources */ = {isa = PBXBuildFile; fileRef = 52D3A92A25E682D4001A50C1 /* ContentView.swift */; };
		52D3A92D25E682D7001A50C1 /* Assets.xcassets in Resources */ = {isa = PBXBuildFile; fileRef = 52D3A92C25E682D7001A50C1 /* Assets.xcassets */; };
		52D3A93025E682D7001A50C1 /* Preview Assets.xcassets in Resources */ = {isa = PBXBuildFile; fileRef = 52D3A92F25E682D7001A50C1 /* Preview Assets.xcassets */; };
		52D3A93925E68310001A50C1 /* MapView.swift in Sources */ = {isa = PBXBuildFile; fileRef = 52D3A93825E68310001A50C1 /* MapView.swift */; };
		52D3A93D25E6A96D001A50C1 /* LocationManager.swift in Sources */ = {isa = PBXBuildFile; fileRef = 52D3A93C25E6A96D001A50C1 /* LocationManager.swift */; };
		52D903F62614BFB200425085 /* Notes.rtf in Resources */ = {isa = PBXBuildFile; fileRef = 52D903F52614BFB200425085 /* Notes.rtf */; };
		52DB5177260DD13000427149 /* TrackListView.swift in Sources */ = {isa = PBXBuildFile; fileRef = 52DB5176260DD13000427149 /* TrackListView.swift */; };
		52DD9533260D08C500F4E700 /* TrackView.swift in Sources */ = {isa = PBXBuildFile; fileRef = 52DD9532260D08C500F4E700 /* TrackView.swift */; };
		52DD9537260D138400F4E700 /* Track+CoreDataClass.swift in Sources */ = {isa = PBXBuildFile; fileRef = 52DD9535260D138400F4E700 /* Track+CoreDataClass.swift */; };
		52DD9538260D138400F4E700 /* Track+CoreDataProperties.swift in Sources */ = {isa = PBXBuildFile; fileRef = 52DD9536260D138400F4E700 /* Track+CoreDataProperties.swift */; };
		52DD953B260D14EB00F4E700 /* Extensions.swift in Sources */ = {isa = PBXBuildFile; fileRef = 52DD953A260D14EB00F4E700 /* Extensions.swift */; };
		52DD9542260D19C400F4E700 /* TrackPoint+CoreDataClass.swift in Sources */ = {isa = PBXBuildFile; fileRef = 52DD953E260D19C400F4E700 /* TrackPoint+CoreDataClass.swift */; };
		52DD9543260D19C400F4E700 /* TrackPoint+CoreDataProperties.swift in Sources */ = {isa = PBXBuildFile; fileRef = 52DD953F260D19C400F4E700 /* TrackPoint+CoreDataProperties.swift */; };
		52DD9544260D19C400F4E700 /* TrackAnnotationPoint+CoreDataClass.swift in Sources */ = {isa = PBXBuildFile; fileRef = 52DD9540260D19C400F4E700 /* TrackAnnotationPoint+CoreDataClass.swift */; };
		52DD9545260D19C400F4E700 /* TrackAnnotationPoint+CoreDataProperties.swift in Sources */ = {isa = PBXBuildFile; fileRef = 52DD9541260D19C400F4E700 /* TrackAnnotationPoint+CoreDataProperties.swift */; };
		52F04F682619A30B00C261C0 /* TrackMapView.swift in Sources */ = {isa = PBXBuildFile; fileRef = 52F04F672619A30B00C261C0 /* TrackMapView.swift */; };
		52F3367A25F7DDCE002C0B1E /* GeoTrack.swift in Sources */ = {isa = PBXBuildFile; fileRef = 52F3367925F7DDCE002C0B1E /* GeoTrack.swift */; };
/* End PBXBuildFile section */

/* Begin PBXFileReference section */
		521345692601C95500F7A43C /* Model.xcdatamodel */ = {isa = PBXFileReference; lastKnownFileType = wrapper.xcdatamodel; path = Model.xcdatamodel; sourceTree = "<group>"; };
		521345AE2601CD4400F7A43C /* CoreDataPersistenceController.swift */ = {isa = PBXFileReference; lastKnownFileType = sourcecode.swift; path = CoreDataPersistenceController.swift; sourceTree = "<group>"; };
		521A0CB425FB4E84001FA9A7 /* CLInfoView.swift */ = {isa = PBXFileReference; lastKnownFileType = sourcecode.swift; path = CLInfoView.swift; sourceTree = "<group>"; };
		5226028B25F4C83500703DCE /* Modifiers.swift */ = {isa = PBXFileReference; lastKnownFileType = sourcecode.swift; path = Modifiers.swift; sourceTree = "<group>"; };
		52779A7F25FA64B000CE50EE /* POIControlsView.swift */ = {isa = PBXFileReference; lastKnownFileType = sourcecode.swift; path = POIControlsView.swift; sourceTree = "<group>"; };
		529B5C4325F9E92A00BACDA8 /* TrackControlsView.swift */ = {isa = PBXFileReference; lastKnownFileType = sourcecode.swift; path = TrackControlsView.swift; sourceTree = "<group>"; };
		52D3A92525E682D4001A50C1 /* JustMap.app */ = {isa = PBXFileReference; explicitFileType = wrapper.application; includeInIndex = 0; path = JustMap.app; sourceTree = BUILT_PRODUCTS_DIR; };
		52D3A92825E682D4001A50C1 /* JustMapApp.swift */ = {isa = PBXFileReference; lastKnownFileType = sourcecode.swift; path = JustMapApp.swift; sourceTree = "<group>"; };
		52D3A92A25E682D4001A50C1 /* ContentView.swift */ = {isa = PBXFileReference; lastKnownFileType = sourcecode.swift; path = ContentView.swift; sourceTree = "<group>"; };
		52D3A92C25E682D7001A50C1 /* Assets.xcassets */ = {isa = PBXFileReference; lastKnownFileType = folder.assetcatalog; path = Assets.xcassets; sourceTree = "<group>"; };
		52D3A92F25E682D7001A50C1 /* Preview Assets.xcassets */ = {isa = PBXFileReference; lastKnownFileType = folder.assetcatalog; path = "Preview Assets.xcassets"; sourceTree = "<group>"; };
		52D3A93125E682D7001A50C1 /* Info.plist */ = {isa = PBXFileReference; lastKnownFileType = text.plist.xml; path = Info.plist; sourceTree = "<group>"; };
		52D3A93825E68310001A50C1 /* MapView.swift */ = {isa = PBXFileReference; lastKnownFileType = sourcecode.swift; path = MapView.swift; sourceTree = "<group>"; };
		52D3A93C25E6A96D001A50C1 /* LocationManager.swift */ = {isa = PBXFileReference; lastKnownFileType = sourcecode.swift; path = LocationManager.swift; sourceTree = "<group>"; };
		52D903F52614BFB200425085 /* Notes.rtf */ = {isa = PBXFileReference; lastKnownFileType = text.rtf; path = Notes.rtf; sourceTree = "<group>"; };
		52DB5176260DD13000427149 /* TrackListView.swift */ = {isa = PBXFileReference; lastKnownFileType = sourcecode.swift; path = TrackListView.swift; sourceTree = "<group>"; };
		52DD9532260D08C500F4E700 /* TrackView.swift */ = {isa = PBXFileReference; lastKnownFileType = sourcecode.swift; path = TrackView.swift; sourceTree = "<group>"; };
		52DD9535260D138400F4E700 /* Track+CoreDataClass.swift */ = {isa = PBXFileReference; lastKnownFileType = sourcecode.swift; path = "Track+CoreDataClass.swift"; sourceTree = "<group>"; };
		52DD9536260D138400F4E700 /* Track+CoreDataProperties.swift */ = {isa = PBXFileReference; lastKnownFileType = sourcecode.swift; path = "Track+CoreDataProperties.swift"; sourceTree = "<group>"; };
		52DD953A260D14EB00F4E700 /* Extensions.swift */ = {isa = PBXFileReference; lastKnownFileType = sourcecode.swift; path = Extensions.swift; sourceTree = "<group>"; };
		52DD953E260D19C400F4E700 /* TrackPoint+CoreDataClass.swift */ = {isa = PBXFileReference; lastKnownFileType = sourcecode.swift; path = "TrackPoint+CoreDataClass.swift"; sourceTree = "<group>"; };
		52DD953F260D19C400F4E700 /* TrackPoint+CoreDataProperties.swift */ = {isa = PBXFileReference; lastKnownFileType = sourcecode.swift; path = "TrackPoint+CoreDataProperties.swift"; sourceTree = "<group>"; };
		52DD9540260D19C400F4E700 /* TrackAnnotationPoint+CoreDataClass.swift */ = {isa = PBXFileReference; lastKnownFileType = sourcecode.swift; path = "TrackAnnotationPoint+CoreDataClass.swift"; sourceTree = "<group>"; };
		52DD9541260D19C400F4E700 /* TrackAnnotationPoint+CoreDataProperties.swift */ = {isa = PBXFileReference; lastKnownFileType = sourcecode.swift; path = "TrackAnnotationPoint+CoreDataProperties.swift"; sourceTree = "<group>"; };
		52F04F672619A30B00C261C0 /* TrackMapView.swift */ = {isa = PBXFileReference; lastKnownFileType = sourcecode.swift; path = TrackMapView.swift; sourceTree = "<group>"; };
		52F3367925F7DDCE002C0B1E /* GeoTrack.swift */ = {isa = PBXFileReference; lastKnownFileType = sourcecode.swift; path = GeoTrack.swift; sourceTree = "<group>"; };
/* End PBXFileReference section */

/* Begin PBXFrameworksBuildPhase section */
		52D3A92225E682D4001A50C1 /* Frameworks */ = {
			isa = PBXFrameworksBuildPhase;
			buildActionMask = 2147483647;
			files = (
			);
			runOnlyForDeploymentPostprocessing = 0;
		};
/* End PBXFrameworksBuildPhase section */

/* Begin PBXGroup section */
		521345B22601D2C000F7A43C /* CoreData */ = {
			isa = PBXGroup;
			children = (
				52DD953E260D19C400F4E700 /* TrackPoint+CoreDataClass.swift */,
				52DD953F260D19C400F4E700 /* TrackPoint+CoreDataProperties.swift */,
				52DD9540260D19C400F4E700 /* TrackAnnotationPoint+CoreDataClass.swift */,
				52DD9541260D19C400F4E700 /* TrackAnnotationPoint+CoreDataProperties.swift */,
				52DD9535260D138400F4E700 /* Track+CoreDataClass.swift */,
				52DD9536260D138400F4E700 /* Track+CoreDataProperties.swift */,
				521345AE2601CD4400F7A43C /* CoreDataPersistenceController.swift */,
			);
			path = CoreData;
			sourceTree = "<group>";
		};
		521A0CB325FB4D61001FA9A7 /* Controls */ = {
			isa = PBXGroup;
			children = (
				529B5C4325F9E92A00BACDA8 /* TrackControlsView.swift */,
				52779A7F25FA64B000CE50EE /* POIControlsView.swift */,
				521A0CB425FB4E84001FA9A7 /* CLInfoView.swift */,
			);
			path = Controls;
			sourceTree = "<group>";
		};
		529B5C3E25F9E84A00BACDA8 /* Views */ = {
			isa = PBXGroup;
			children = (
				52D3A92A25E682D4001A50C1 /* ContentView.swift */,
				5226028B25F4C83500703DCE /* Modifiers.swift */,
				52F04F632619A16300C261C0 /* Tracks */,
				52F04F652619A18700C261C0 /* Maps */,
				521A0CB325FB4D61001FA9A7 /* Controls */,
			);
			path = Views;
			sourceTree = "<group>";
		};
		529B5C4125F9E87600BACDA8 /* Model */ = {
			isa = PBXGroup;
			children = (
				52F3367925F7DDCE002C0B1E /* GeoTrack.swift */,
			);
			path = Model;
			sourceTree = "<group>";
		};
		529B5C4225F9E8AE00BACDA8 /* App */ = {
			isa = PBXGroup;
			children = (
				52D3A92825E682D4001A50C1 /* JustMapApp.swift */,
				52D3A93C25E6A96D001A50C1 /* LocationManager.swift */,
				52DD953A260D14EB00F4E700 /* Extensions.swift */,
			);
			path = App;
			sourceTree = "<group>";
		};
		52D3A91C25E682D4001A50C1 = {
			isa = PBXGroup;
			children = (
				52D3A92725E682D4001A50C1 /* JustMap */,
				52D3A92625E682D4001A50C1 /* Products */,
			);
			sourceTree = "<group>";
		};
		52D3A92625E682D4001A50C1 /* Products */ = {
			isa = PBXGroup;
			children = (
				52D3A92525E682D4001A50C1 /* JustMap.app */,
			);
			name = Products;
			sourceTree = "<group>";
		};
		52D3A92725E682D4001A50C1 /* JustMap */ = {
			isa = PBXGroup;
			children = (
				529B5C4225F9E8AE00BACDA8 /* App */,
				521345B22601D2C000F7A43C /* CoreData */,
				529B5C3E25F9E84A00BACDA8 /* Views */,
				529B5C4125F9E87600BACDA8 /* Model */,
				52D3A92C25E682D7001A50C1 /* Assets.xcassets */,
				52D3A93125E682D7001A50C1 /* Info.plist */,
				52D3A92E25E682D7001A50C1 /* Preview Content */,
				521345682601C95500F7A43C /* Model.xcdatamodeld */,
				52D903F52614BFB200425085 /* Notes.rtf */,
			);
			path = JustMap;
			sourceTree = "<group>";
		};
		52D3A92E25E682D7001A50C1 /* Preview Content */ = {
			isa = PBXGroup;
			children = (
				52D3A92F25E682D7001A50C1 /* Preview Assets.xcassets */,
			);
			path = "Preview Content";
			sourceTree = "<group>";
		};
		52F04F632619A16300C261C0 /* Tracks */ = {
			isa = PBXGroup;
			children = (
				52DB5176260DD13000427149 /* TrackListView.swift */,
				52DD9532260D08C500F4E700 /* TrackView.swift */,
			);
			path = Tracks;
			sourceTree = "<group>";
		};
		52F04F652619A18700C261C0 /* Maps */ = {
			isa = PBXGroup;
			children = (
				52D3A93825E68310001A50C1 /* MapView.swift */,
				52F04F672619A30B00C261C0 /* TrackMapView.swift */,
			);
			path = Maps;
			sourceTree = "<group>";
		};
/* End PBXGroup section */

/* Begin PBXNativeTarget section */
		52D3A92425E682D4001A50C1 /* JustMap */ = {
			isa = PBXNativeTarget;
			buildConfigurationList = 52D3A93425E682D7001A50C1 /* Build configuration list for PBXNativeTarget "JustMap" */;
			buildPhases = (
				52D3A92125E682D4001A50C1 /* Sources */,
				52D3A92225E682D4001A50C1 /* Frameworks */,
				52D3A92325E682D4001A50C1 /* Resources */,
			);
			buildRules = (
			);
			dependencies = (
			);
			name = JustMap;
			productName = JustMap;
			productReference = 52D3A92525E682D4001A50C1 /* JustMap.app */;
			productType = "com.apple.product-type.application";
		};
/* End PBXNativeTarget section */

/* Begin PBXProject section */
		52D3A91D25E682D4001A50C1 /* Project object */ = {
			isa = PBXProject;
			attributes = {
				LastSwiftUpdateCheck = 1240;
				LastUpgradeCheck = 1240;
				TargetAttributes = {
					52D3A92425E682D4001A50C1 = {
						CreatedOnToolsVersion = 12.4;
					};
				};
			};
			buildConfigurationList = 52D3A92025E682D4001A50C1 /* Build configuration list for PBXProject "JustMap" */;
			compatibilityVersion = "Xcode 9.3";
			developmentRegion = en;
			hasScannedForEncodings = 0;
			knownRegions = (
				en,
				Base,
			);
			mainGroup = 52D3A91C25E682D4001A50C1;
			productRefGroup = 52D3A92625E682D4001A50C1 /* Products */;
			projectDirPath = "";
			projectRoot = "";
			targets = (
				52D3A92425E682D4001A50C1 /* JustMap */,
			);
		};
/* End PBXProject section */

/* Begin PBXResourcesBuildPhase section */
		52D3A92325E682D4001A50C1 /* Resources */ = {
			isa = PBXResourcesBuildPhase;
			buildActionMask = 2147483647;
			files = (
				52D3A93025E682D7001A50C1 /* Preview Assets.xcassets in Resources */,
				52D903F62614BFB200425085 /* Notes.rtf in Resources */,
				52D3A92D25E682D7001A50C1 /* Assets.xcassets in Resources */,
			);
			runOnlyForDeploymentPostprocessing = 0;
		};
/* End PBXResourcesBuildPhase section */

/* Begin PBXSourcesBuildPhase section */
		52D3A92125E682D4001A50C1 /* Sources */ = {
			isa = PBXSourcesBuildPhase;
			buildActionMask = 2147483647;
			files = (
				521345AF2601CD4400F7A43C /* CoreDataPersistenceController.swift in Sources */,
				52DD9538260D138400F4E700 /* Track+CoreDataProperties.swift in Sources */,
				529B5C4425F9E92A00BACDA8 /* TrackControlsView.swift in Sources */,
				52D3A93D25E6A96D001A50C1 /* LocationManager.swift in Sources */,
				52D3A92B25E682D4001A50C1 /* ContentView.swift in Sources */,
				52D3A93925E68310001A50C1 /* MapView.swift in Sources */,
				52D3A92925E682D4001A50C1 /* JustMapApp.swift in Sources */,
				52DD9543260D19C400F4E700 /* TrackPoint+CoreDataProperties.swift in Sources */,
				5226028C25F4C83600703DCE /* Modifiers.swift in Sources */,
				52F3367A25F7DDCE002C0B1E /* GeoTrack.swift in Sources */,
				5213456A2601C95500F7A43C /* Model.xcdatamodeld in Sources */,
				52DD9544260D19C400F4E700 /* TrackAnnotationPoint+CoreDataClass.swift in Sources */,
				52DD953B260D14EB00F4E700 /* Extensions.swift in Sources */,
				52F04F682619A30B00C261C0 /* TrackMapView.swift in Sources */,
				52779A8025FA64B000CE50EE /* POIControlsView.swift in Sources */,
				52DB5177260DD13000427149 /* TrackListView.swift in Sources */,
				52DD9542260D19C400F4E700 /* TrackPoint+CoreDataClass.swift in Sources */,
				52DD9533260D08C500F4E700 /* TrackView.swift in Sources */,
				52DD9545260D19C400F4E700 /* TrackAnnotationPoint+CoreDataProperties.swift in Sources */,
				52DD9537260D138400F4E700 /* Track+CoreDataClass.swift in Sources */,
				521A0CB525FB4E84001FA9A7 /* CLInfoView.swift in Sources */,
			);
			runOnlyForDeploymentPostprocessing = 0;
		};
/* End PBXSourcesBuildPhase section */

/* Begin XCBuildConfiguration section */
		52D3A93225E682D7001A50C1 /* Debug */ = {
			isa = XCBuildConfiguration;
			buildSettings = {
				ALWAYS_SEARCH_USER_PATHS = NO;
				CLANG_ANALYZER_NONNULL = YES;
				CLANG_ANALYZER_NUMBER_OBJECT_CONVERSION = YES_AGGRESSIVE;
				CLANG_CXX_LANGUAGE_STANDARD = "gnu++14";
				CLANG_CXX_LIBRARY = "libc++";
				CLANG_ENABLE_MODULES = YES;
				CLANG_ENABLE_OBJC_ARC = YES;
				CLANG_ENABLE_OBJC_WEAK = YES;
				CLANG_WARN_BLOCK_CAPTURE_AUTORELEASING = YES;
				CLANG_WARN_BOOL_CONVERSION = YES;
				CLANG_WARN_COMMA = YES;
				CLANG_WARN_CONSTANT_CONVERSION = YES;
				CLANG_WARN_DEPRECATED_OBJC_IMPLEMENTATIONS = YES;
				CLANG_WARN_DIRECT_OBJC_ISA_USAGE = YES_ERROR;
				CLANG_WARN_DOCUMENTATION_COMMENTS = YES;
				CLANG_WARN_EMPTY_BODY = YES;
				CLANG_WARN_ENUM_CONVERSION = YES;
				CLANG_WARN_INFINITE_RECURSION = YES;
				CLANG_WARN_INT_CONVERSION = YES;
				CLANG_WARN_NON_LITERAL_NULL_CONVERSION = YES;
				CLANG_WARN_OBJC_IMPLICIT_RETAIN_SELF = YES;
				CLANG_WARN_OBJC_LITERAL_CONVERSION = YES;
				CLANG_WARN_OBJC_ROOT_CLASS = YES_ERROR;
				CLANG_WARN_QUOTED_INCLUDE_IN_FRAMEWORK_HEADER = YES;
				CLANG_WARN_RANGE_LOOP_ANALYSIS = YES;
				CLANG_WARN_STRICT_PROTOTYPES = YES;
				CLANG_WARN_SUSPICIOUS_MOVE = YES;
				CLANG_WARN_UNGUARDED_AVAILABILITY = YES_AGGRESSIVE;
				CLANG_WARN_UNREACHABLE_CODE = YES;
				CLANG_WARN__DUPLICATE_METHOD_MATCH = YES;
				COPY_PHASE_STRIP = NO;
				DEBUG_INFORMATION_FORMAT = dwarf;
				ENABLE_STRICT_OBJC_MSGSEND = YES;
				ENABLE_TESTABILITY = YES;
				GCC_C_LANGUAGE_STANDARD = gnu11;
				GCC_DYNAMIC_NO_PIC = NO;
				GCC_NO_COMMON_BLOCKS = YES;
				GCC_OPTIMIZATION_LEVEL = 0;
				GCC_PREPROCESSOR_DEFINITIONS = (
					"DEBUG=1",
					"$(inherited)",
				);
				GCC_WARN_64_TO_32_BIT_CONVERSION = YES;
				GCC_WARN_ABOUT_RETURN_TYPE = YES_ERROR;
				GCC_WARN_UNDECLARED_SELECTOR = YES;
				GCC_WARN_UNINITIALIZED_AUTOS = YES_AGGRESSIVE;
				GCC_WARN_UNUSED_FUNCTION = YES;
				GCC_WARN_UNUSED_VARIABLE = YES;
				IPHONEOS_DEPLOYMENT_TARGET = 14.4;
				MTL_ENABLE_DEBUG_INFO = INCLUDE_SOURCE;
				MTL_FAST_MATH = YES;
				ONLY_ACTIVE_ARCH = YES;
				SDKROOT = iphoneos;
				SWIFT_ACTIVE_COMPILATION_CONDITIONS = DEBUG;
				SWIFT_OPTIMIZATION_LEVEL = "-Onone";
			};
			name = Debug;
		};
		52D3A93325E682D7001A50C1 /* Release */ = {
			isa = XCBuildConfiguration;
			buildSettings = {
				ALWAYS_SEARCH_USER_PATHS = NO;
				CLANG_ANALYZER_NONNULL = YES;
				CLANG_ANALYZER_NUMBER_OBJECT_CONVERSION = YES_AGGRESSIVE;
				CLANG_CXX_LANGUAGE_STANDARD = "gnu++14";
				CLANG_CXX_LIBRARY = "libc++";
				CLANG_ENABLE_MODULES = YES;
				CLANG_ENABLE_OBJC_ARC = YES;
				CLANG_ENABLE_OBJC_WEAK = YES;
				CLANG_WARN_BLOCK_CAPTURE_AUTORELEASING = YES;
				CLANG_WARN_BOOL_CONVERSION = YES;
				CLANG_WARN_COMMA = YES;
				CLANG_WARN_CONSTANT_CONVERSION = YES;
				CLANG_WARN_DEPRECATED_OBJC_IMPLEMENTATIONS = YES;
				CLANG_WARN_DIRECT_OBJC_ISA_USAGE = YES_ERROR;
				CLANG_WARN_DOCUMENTATION_COMMENTS = YES;
				CLANG_WARN_EMPTY_BODY = YES;
				CLANG_WARN_ENUM_CONVERSION = YES;
				CLANG_WARN_INFINITE_RECURSION = YES;
				CLANG_WARN_INT_CONVERSION = YES;
				CLANG_WARN_NON_LITERAL_NULL_CONVERSION = YES;
				CLANG_WARN_OBJC_IMPLICIT_RETAIN_SELF = YES;
				CLANG_WARN_OBJC_LITERAL_CONVERSION = YES;
				CLANG_WARN_OBJC_ROOT_CLASS = YES_ERROR;
				CLANG_WARN_QUOTED_INCLUDE_IN_FRAMEWORK_HEADER = YES;
				CLANG_WARN_RANGE_LOOP_ANALYSIS = YES;
				CLANG_WARN_STRICT_PROTOTYPES = YES;
				CLANG_WARN_SUSPICIOUS_MOVE = YES;
				CLANG_WARN_UNGUARDED_AVAILABILITY = YES_AGGRESSIVE;
				CLANG_WARN_UNREACHABLE_CODE = YES;
				CLANG_WARN__DUPLICATE_METHOD_MATCH = YES;
				COPY_PHASE_STRIP = NO;
				DEBUG_INFORMATION_FORMAT = "dwarf-with-dsym";
				ENABLE_NS_ASSERTIONS = NO;
				ENABLE_STRICT_OBJC_MSGSEND = YES;
				GCC_C_LANGUAGE_STANDARD = gnu11;
				GCC_NO_COMMON_BLOCKS = YES;
				GCC_WARN_64_TO_32_BIT_CONVERSION = YES;
				GCC_WARN_ABOUT_RETURN_TYPE = YES_ERROR;
				GCC_WARN_UNDECLARED_SELECTOR = YES;
				GCC_WARN_UNINITIALIZED_AUTOS = YES_AGGRESSIVE;
				GCC_WARN_UNUSED_FUNCTION = YES;
				GCC_WARN_UNUSED_VARIABLE = YES;
				IPHONEOS_DEPLOYMENT_TARGET = 14.4;
				MTL_ENABLE_DEBUG_INFO = NO;
				MTL_FAST_MATH = YES;
				SDKROOT = iphoneos;
				SWIFT_COMPILATION_MODE = wholemodule;
				SWIFT_OPTIMIZATION_LEVEL = "-O";
				VALIDATE_PRODUCT = YES;
			};
			name = Release;
		};
		52D3A93525E682D7001A50C1 /* Debug */ = {
			isa = XCBuildConfiguration;
			buildSettings = {
				ASSETCATALOG_COMPILER_APPICON_NAME = AppIcon;
				ASSETCATALOG_COMPILER_GLOBAL_ACCENT_COLOR_NAME = AccentColor;
				CODE_SIGN_STYLE = Automatic;
				DEVELOPMENT_ASSET_PATHS = "\"JustMap/Preview Content\"";
				DEVELOPMENT_TEAM = 2X2VGHTNU5;
				ENABLE_PREVIEWS = YES;
				INFOPLIST_FILE = JustMap/Info.plist;
				IPHONEOS_DEPLOYMENT_TARGET = 14.0;
				LD_RUNPATH_SEARCH_PATHS = (
					"$(inherited)",
					"@executable_path/Frameworks",
				);
				PRODUCT_BUNDLE_IDENTIFIER = ru.flat112.JustMap;
				PRODUCT_NAME = "$(TARGET_NAME)";
				SWIFT_VERSION = 5.0;
				TARGETED_DEVICE_FAMILY = 1;
			};
			name = Debug;
		};
		52D3A93625E682D7001A50C1 /* Release */ = {
			isa = XCBuildConfiguration;
			buildSettings = {
				ASSETCATALOG_COMPILER_APPICON_NAME = AppIcon;
				ASSETCATALOG_COMPILER_GLOBAL_ACCENT_COLOR_NAME = AccentColor;
				CODE_SIGN_STYLE = Automatic;
				DEVELOPMENT_ASSET_PATHS = "\"JustMap/Preview Content\"";
				DEVELOPMENT_TEAM = 2X2VGHTNU5;
				ENABLE_PREVIEWS = YES;
				INFOPLIST_FILE = JustMap/Info.plist;
				IPHONEOS_DEPLOYMENT_TARGET = 14.0;
				LD_RUNPATH_SEARCH_PATHS = (
					"$(inherited)",
					"@executable_path/Frameworks",
				);
				PRODUCT_BUNDLE_IDENTIFIER = ru.flat112.JustMap;
				PRODUCT_NAME = "$(TARGET_NAME)";
				SWIFT_VERSION = 5.0;
				TARGETED_DEVICE_FAMILY = 1;
			};
			name = Release;
		};
/* End XCBuildConfiguration section */

/* Begin XCConfigurationList section */
		52D3A92025E682D4001A50C1 /* Build configuration list for PBXProject "JustMap" */ = {
			isa = XCConfigurationList;
			buildConfigurations = (
				52D3A93225E682D7001A50C1 /* Debug */,
				52D3A93325E682D7001A50C1 /* Release */,
			);
			defaultConfigurationIsVisible = 0;
			defaultConfigurationName = Release;
		};
		52D3A93425E682D7001A50C1 /* Build configuration list for PBXNativeTarget "JustMap" */ = {
			isa = XCConfigurationList;
			buildConfigurations = (
				52D3A93525E682D7001A50C1 /* Debug */,
				52D3A93625E682D7001A50C1 /* Release */,
			);
			defaultConfigurationIsVisible = 0;
			defaultConfigurationName = Release;
		};
/* End XCConfigurationList section */

/* Begin XCVersionGroup section */
		521345682601C95500F7A43C /* Model.xcdatamodeld */ = {
			isa = XCVersionGroup;
			children = (
				521345692601C95500F7A43C /* Model.xcdatamodel */,
			);
			currentVersion = 521345692601C95500F7A43C /* Model.xcdatamodel */;
			path = Model.xcdatamodeld;
			sourceTree = "<group>";
			versionGroupType = wrapper.xcdatamodel;
		};
/* End XCVersionGroup section */
	};
	rootObject = 52D3A91D25E682D4001A50C1 /* Project object */;
}
